
Microsoft Visual Studio Solution File, Format Version 12.00
# Visual Studio 2013
VisualStudioVersion = 12.0.21005.1
MinimumVisualStudioVersion = 10.0.40219.1
Project("{FAE04EC0-301F-11D3-BF4B-00C04F79EFBC}") = "Task1-3", "Task1-3\Task1-3.csproj", "{01862769-BFDC-45E3-AFA7-0CE1590993A3}"
EndProject
Project("{FAE04EC0-301F-11D3-BF4B-00C04F79EFBC}") = "Task4", "Task4\Task4.csproj", "{EF22D25F-6E56-4FA3-9420-06F2BD4E9FCA}"
EndProject
Project("{FAE04EC0-301F-11D3-BF4B-00C04F79EFBC}") = "Task5", "Task5\Task5.csproj", "{CAA1A5E5-1D5F-4940-84B8-BC2A911ABBD6}"
EndProject
Global
	GlobalSection(SolutionConfigurationPlatforms) = preSolution
		Debug|Any CPU = Debug|Any CPU
		Release|Any CPU = Release|Any CPU
	EndGlobalSection
	GlobalSection(ProjectConfigurationPlatforms) = postSolution
		{01862769-BFDC-45E3-AFA7-0CE1590993A3}.Debug|Any CPU.ActiveCfg = Debug|Any CPU
		{01862769-BFDC-45E3-AFA7-0CE1590993A3}.Debug|Any CPU.Build.0 = Debug|Any CPU
		{01862769-BFDC-45E3-AFA7-0CE1590993A3}.Release|Any CPU.ActiveCfg = Release|Any CPU
		{01862769-BFDC-45E3-AFA7-0CE1590993A3}.Release|Any CPU.Build.0 = Release|Any CPU
		{EF22D25F-6E56-4FA3-9420-06F2BD4E9FCA}.Debug|Any CPU.ActiveCfg = Debug|Any CPU
		{EF22D25F-6E56-4FA3-9420-06F2BD4E9FCA}.Debug|Any CPU.Build.0 = Debug|Any CPU
		{EF22D25F-6E56-4FA3-9420-06F2BD4E9FCA}.Release|Any CPU.ActiveCfg = Release|Any CPU
		{EF22D25F-6E56-4FA3-9420-06F2BD4E9FCA}.Release|Any CPU.Build.0 = Release|Any CPU
		{CAA1A5E5-1D5F-4940-84B8-BC2A911ABBD6}.Debug|Any CPU.ActiveCfg = Debug|Any CPU
		{CAA1A5E5-1D5F-4940-84B8-BC2A911ABBD6}.Debug|Any CPU.Build.0 = Debug|Any CPU
		{CAA1A5E5-1D5F-4940-84B8-BC2A911ABBD6}.Release|Any CPU.ActiveCfg = Release|Any CPU
		{CAA1A5E5-1D5F-4940-84B8-BC2A911ABBD6}.Release|Any CPU.Build.0 = Release|Any CPU
	EndGlobalSection
	GlobalSection(SolutionProperties) = preSolution
		HideSolutionNode = FALSE
	EndGlobalSection
EndGlobal
