
Microsoft Visual Studio Solution File, Format Version 12.00
# Visual Studio 2013
VisualStudioVersion = 12.0.30723.0
MinimumVisualStudioVersion = 10.0.40219.1
Project("{FAE04EC0-301F-11D3-BF4B-00C04F79EFBC}") = "StudentSystem.Models", "StudentSystem.Models\StudentSystem.Models.csproj", "{9EE15213-A944-4C8B-9A07-2E1EFFA7EB65}"
EndProject
Project("{FAE04EC0-301F-11D3-BF4B-00C04F79EFBC}") = "StudentSystem.Data", "StudentSystem.Data\StudentSystem.Data.csproj", "{5BFA7C71-B3E9-4B08-935E-8F6F321B1560}"
EndProject
Project("{FAE04EC0-301F-11D3-BF4B-00C04F79EFBC}") = "StudentSystem.ConsoleClient", "StudentSystem.ConsoleClient\StudentSystem.ConsoleClient.csproj", "{D7848C1C-5CB3-478C-A5EB-92E7094A2740}"
EndProject
Global
	GlobalSection(SolutionConfigurationPlatforms) = preSolution
		Debug|Any CPU = Debug|Any CPU
		Release|Any CPU = Release|Any CPU
	EndGlobalSection
	GlobalSection(ProjectConfigurationPlatforms) = postSolution
		{9EE15213-A944-4C8B-9A07-2E1EFFA7EB65}.Debug|Any CPU.ActiveCfg = Debug|Any CPU
		{9EE15213-A944-4C8B-9A07-2E1EFFA7EB65}.Debug|Any CPU.Build.0 = Debug|Any CPU
		{9EE15213-A944-4C8B-9A07-2E1EFFA7EB65}.Release|Any CPU.ActiveCfg = Release|Any CPU
		{9EE15213-A944-4C8B-9A07-2E1EFFA7EB65}.Release|Any CPU.Build.0 = Release|Any CPU
		{5BFA7C71-B3E9-4B08-935E-8F6F321B1560}.Debug|Any CPU.ActiveCfg = Debug|Any CPU
		{5BFA7C71-B3E9-4B08-935E-8F6F321B1560}.Debug|Any CPU.Build.0 = Debug|Any CPU
		{5BFA7C71-B3E9-4B08-935E-8F6F321B1560}.Release|Any CPU.ActiveCfg = Release|Any CPU
		{5BFA7C71-B3E9-4B08-935E-8F6F321B1560}.Release|Any CPU.Build.0 = Release|Any CPU
		{D7848C1C-5CB3-478C-A5EB-92E7094A2740}.Debug|Any CPU.ActiveCfg = Debug|Any CPU
		{D7848C1C-5CB3-478C-A5EB-92E7094A2740}.Debug|Any CPU.Build.0 = Debug|Any CPU
		{D7848C1C-5CB3-478C-A5EB-92E7094A2740}.Release|Any CPU.ActiveCfg = Release|Any CPU
		{D7848C1C-5CB3-478C-A5EB-92E7094A2740}.Release|Any CPU.Build.0 = Release|Any CPU
	EndGlobalSection
	GlobalSection(SolutionProperties) = preSolution
		HideSolutionNode = FALSE
	EndGlobalSection
EndGlobal
