
Microsoft Visual Studio Solution File, Format Version 12.00
# Visual Studio 2013
VisualStudioVersion = 12.0.21005.1
MinimumVisualStudioVersion = 10.0.40219.1
Project("{FAE04EC0-301F-11D3-BF4B-00C04F79EFBC}") = "Task1", "Task1\Task1.csproj", "{F22FF1B1-861D-413B-BE46-4C9DE4D075F7}"
EndProject
Project("{FAE04EC0-301F-11D3-BF4B-00C04F79EFBC}") = "Task2", "Task2\Task2.csproj", "{6B414C1B-A100-4FB1-A82B-69946A7911E2}"
EndProject
Project("{FAE04EC0-301F-11D3-BF4B-00C04F79EFBC}") = "Task3", "Task3\Task3.csproj", "{B53CF8AB-A091-41FD-A727-F092A575EA52}"
EndProject
Global
	GlobalSection(SolutionConfigurationPlatforms) = preSolution
		Debug|Any CPU = Debug|Any CPU
		Release|Any CPU = Release|Any CPU
	EndGlobalSection
	GlobalSection(ProjectConfigurationPlatforms) = postSolution
		{F22FF1B1-861D-413B-BE46-4C9DE4D075F7}.Debug|Any CPU.ActiveCfg = Debug|Any CPU
		{F22FF1B1-861D-413B-BE46-4C9DE4D075F7}.Debug|Any CPU.Build.0 = Debug|Any CPU
		{F22FF1B1-861D-413B-BE46-4C9DE4D075F7}.Release|Any CPU.ActiveCfg = Release|Any CPU
		{F22FF1B1-861D-413B-BE46-4C9DE4D075F7}.Release|Any CPU.Build.0 = Release|Any CPU
		{6B414C1B-A100-4FB1-A82B-69946A7911E2}.Debug|Any CPU.ActiveCfg = Debug|Any CPU
		{6B414C1B-A100-4FB1-A82B-69946A7911E2}.Debug|Any CPU.Build.0 = Debug|Any CPU
		{6B414C1B-A100-4FB1-A82B-69946A7911E2}.Release|Any CPU.ActiveCfg = Release|Any CPU
		{6B414C1B-A100-4FB1-A82B-69946A7911E2}.Release|Any CPU.Build.0 = Release|Any CPU
		{B53CF8AB-A091-41FD-A727-F092A575EA52}.Debug|Any CPU.ActiveCfg = Debug|Any CPU
		{B53CF8AB-A091-41FD-A727-F092A575EA52}.Debug|Any CPU.Build.0 = Debug|Any CPU
		{B53CF8AB-A091-41FD-A727-F092A575EA52}.Release|Any CPU.ActiveCfg = Release|Any CPU
		{B53CF8AB-A091-41FD-A727-F092A575EA52}.Release|Any CPU.Build.0 = Release|Any CPU
	EndGlobalSection
	GlobalSection(SolutionProperties) = preSolution
		HideSolutionNode = FALSE
	EndGlobalSection
EndGlobal
