
Microsoft Visual Studio Solution File, Format Version 12.00
# Visual Studio 2013
VisualStudioVersion = 12.0.21005.1
MinimumVisualStudioVersion = 10.0.40219.1
Project("{FAE04EC0-301F-11D3-BF4B-00C04F79EFBC}") = "School", "School\School.csproj", "{5E67C91B-EF6F-48BD-9064-42349D4B46FE}"
EndProject
Project("{FAE04EC0-301F-11D3-BF4B-00C04F79EFBC}") = "TestSchool", "TestSchool\TestSchool.csproj", "{44E5DC75-D2E9-46C7-92AC-0034C13895C2}"
EndProject
Global
	GlobalSection(SolutionConfigurationPlatforms) = preSolution
		Debug|Any CPU = Debug|Any CPU
		Release|Any CPU = Release|Any CPU
	EndGlobalSection
	GlobalSection(ProjectConfigurationPlatforms) = postSolution
		{5E67C91B-EF6F-48BD-9064-42349D4B46FE}.Debug|Any CPU.ActiveCfg = Debug|Any CPU
		{5E67C91B-EF6F-48BD-9064-42349D4B46FE}.Debug|Any CPU.Build.0 = Debug|Any CPU
		{5E67C91B-EF6F-48BD-9064-42349D4B46FE}.Release|Any CPU.ActiveCfg = Release|Any CPU
		{5E67C91B-EF6F-48BD-9064-42349D4B46FE}.Release|Any CPU.Build.0 = Release|Any CPU
		{44E5DC75-D2E9-46C7-92AC-0034C13895C2}.Debug|Any CPU.ActiveCfg = Debug|Any CPU
		{44E5DC75-D2E9-46C7-92AC-0034C13895C2}.Debug|Any CPU.Build.0 = Debug|Any CPU
		{44E5DC75-D2E9-46C7-92AC-0034C13895C2}.Release|Any CPU.ActiveCfg = Release|Any CPU
		{44E5DC75-D2E9-46C7-92AC-0034C13895C2}.Release|Any CPU.Build.0 = Release|Any CPU
	EndGlobalSection
	GlobalSection(SolutionProperties) = preSolution
		HideSolutionNode = FALSE
	EndGlobalSection
EndGlobal
